
Microsoft Visual Studio Solution File, Format Version 12.00
# Visual Studio 2012
Project("{FAE04EC0-301F-11D3-BF4B-00C04F79EFBC}") = "TamZaApi", "TamZaApi\TamZaApi.csproj", "{D042D8E9-5CA3-45D2-AFF8-528F525DCA87}"
EndProject
Project("{FAE04EC0-301F-11D3-BF4B-00C04F79EFBC}") = "TamZaApi.Tests", "TamZaApi.Tests\TamZaApi.Tests.csproj", "{40A25ECD-5988-4078-A183-8DBB9EC2FA00}"
EndProject
Global
	GlobalSection(SolutionConfigurationPlatforms) = preSolution
		Debug|Any CPU = Debug|Any CPU
		Release|Any CPU = Release|Any CPU
	EndGlobalSection
	GlobalSection(ProjectConfigurationPlatforms) = postSolution
		{D042D8E9-5CA3-45D2-AFF8-528F525DCA87}.Debug|Any CPU.ActiveCfg = Debug|Any CPU
		{D042D8E9-5CA3-45D2-AFF8-528F525DCA87}.Debug|Any CPU.Build.0 = Debug|Any CPU
		{D042D8E9-5CA3-45D2-AFF8-528F525DCA87}.Release|Any CPU.ActiveCfg = Release|Any CPU
		{D042D8E9-5CA3-45D2-AFF8-528F525DCA87}.Release|Any CPU.Build.0 = Release|Any CPU
		{40A25ECD-5988-4078-A183-8DBB9EC2FA00}.Debug|Any CPU.ActiveCfg = Debug|Any CPU
		{40A25ECD-5988-4078-A183-8DBB9EC2FA00}.Debug|Any CPU.Build.0 = Debug|Any CPU
		{40A25ECD-5988-4078-A183-8DBB9EC2FA00}.Release|Any CPU.ActiveCfg = Release|Any CPU
		{40A25ECD-5988-4078-A183-8DBB9EC2FA00}.Release|Any CPU.Build.0 = Release|Any CPU
	EndGlobalSection
EndGlobal
